{
  "requires": true,
  "lockfileVersion": 1,
  "dependencies": {
    "bindings": {
      "version": "1.5.0",
      "resolved": "https://registry.npmjs.org/bindings/-/bindings-1.5.0.tgz",
      "integrity": "sha512-p2q/t/mhvuOj/UeLlV6566GD/guowlr0hHxClI0W9m7MWYkL1F0hLo+0Aexs9HSPCtR1SXQ0TD3MMKrXZajbiQ==",
      "requires": {
        "file-uri-to-path": "1.0.0"
      }
    },
    "blake-hash": {
      "version": "1.1.0",
      "resolved": "https://registry.npmjs.org/blake-hash/-/blake-hash-1.1.0.tgz",
      "integrity": "sha512-rNbOFPT7DC/0XnLBJ0noWuzcV+9kHwEKzRGljHMDLQzYv6WZT1vjV3UkWQuNFzyr5tIL7zSsw7A834pgTl75xQ==",
      "requires": {
        "bindings": "^1.2.1",
        "inherits": "^2.0.3",
        "nan": "^2.2.1"
      }
    },
    "file-uri-to-path": {
      "version": "1.0.0",
      "resolved": "https://registry.npmjs.org/file-uri-to-path/-/file-uri-to-path-1.0.0.tgz",
      "integrity": "sha512-0Zt+s3L7Vf1biwWZ29aARiVYLx7iMGnEUl9x33fbB/j3jR81u/O2LbqK+Bm1CDSNDKVtJ/YjwY7TUd5SkeLQLw=="
    },
    "inherits": {
      "version": "2.0.3",
      "resolved": "https://registry.npmjs.org/inherits/-/inherits-2.0.3.tgz",
      "integrity": "sha1-Yzwsg+PaQqUC9SRmAiSA9CCCYd4="
    },
    "nan": {
      "version": "2.13.2",
      "resolved": "https://registry.npmjs.org/nan/-/nan-2.13.2.tgz",
      "integrity": "sha512-TghvYc72wlMGMVMluVo9WRJc0mB8KxxF/gZ4YYFy7V2ZQX9l7rgbPg7vjS9mt6U5HXODVFVI2bOduCzwOMv/lw=="
    }
  }
}
